
Microsoft Visual Studio Solution File, Format Version 12.00
Project("{FAE04EC0-301F-11D3-BF4B-00C04F79EFBC}") = "HighPerformantLogging", "HighPerformantLogging\HighPerformantLogging.csproj", "{A309256A-EA19-4357-871D-1933E2A5803B}"
EndProject
Global
	GlobalSection(SolutionConfigurationPlatforms) = preSolution
		Debug|Any CPU = Debug|Any CPU
		Release|Any CPU = Release|Any CPU
	EndGlobalSection
	GlobalSection(ProjectConfigurationPlatforms) = postSolution
		{A309256A-EA19-4357-871D-1933E2A5803B}.Debug|Any CPU.ActiveCfg = Debug|Any CPU
		{A309256A-EA19-4357-871D-1933E2A5803B}.Debug|Any CPU.Build.0 = Debug|Any CPU
		{A309256A-EA19-4357-871D-1933E2A5803B}.Release|Any CPU.ActiveCfg = Release|Any CPU
		{A309256A-EA19-4357-871D-1933E2A5803B}.Release|Any CPU.Build.0 = Release|Any CPU
	EndGlobalSection
EndGlobal
